PODS:
  - ChameleonFramework (2.1.0):
    - ChameleonFramework/Default (= 2.1.0)
  - ChameleonFramework/Default (2.1.0)
  - Crashlytics (3.10.1):
    - Fabric (~> 1.7.5)
  - CRToast (0.0.9)
  - DGActivityIndicatorView (2.1.1)
  - DZNEmptyDataSet (1.8.1)
  - Fabric (1.7.6)
  - ionicons (2.1.1)
  - KVNProgress (2.3.1)
  - LGAlertView (2.4.0)
  - MGSwipeTableCell (1.6.6)
  - Realm (3.3.0):
    - Realm/Headers (= 3.3.0)
  - Realm/Headers (3.3.0)

DEPENDENCIES:
  - ChameleonFramework
  - Crashlytics
  - CRToast
  - DGActivityIndicatorView
  - DZNEmptyDataSet
  - Fabric
  - ionicons
  - KVNProgress
  - LGAlertView
  - MGSwipeTableCell
  - Realm

SPEC CHECKSUMS:
  ChameleonFramework: d21a3cc247abfe5e37609a283a8238b03575cf64
  Crashlytics: aee1a064cbbf99b32efa3f056a5f458d846bc8ff
  CRToast: 5a78c22b921c5ed3487488af605bc403a9c92fed
  DGActivityIndicatorView: ff2c76073d79692f724863c8dd38685866a03cb6
  DZNEmptyDataSet: 9525833b9e68ac21c30253e1d3d7076cc828eaa7
  Fabric: f8d42c893bb187326a7968b62abe55c36a987a46
  ionicons: 630bcd2c2970741c3359e3a35ad544e71d3c086b
  KVNProgress: 8167b1f19e2758290c0b6143020ed9dcbb0477a1
  LGAlertView: 2f5e83dd5cc2537de57d98727650609e86197d1a
  MGSwipeTableCell: c3bc6e261e7bc06c112909fe3fb8205de286082c
  Realm: 7d74ad6c5020432f58fe5e1df90bb6d97b2c7fef

PODFILE CHECKSUM: d32a32dc2027eb0125a01f9746925c75e53df4b4

COCOAPODS: 1.4.0
